
Microsoft Visual Studio Solution File, Format Version 12.00
# Visual Studio 15
VisualStudioVersion = 15.0.28010.2050
MinimumVisualStudioVersion = 10.0.40219.1
Project("{FAE04EC0-301F-11D3-BF4B-00C04F79EFBC}") = "lotto.core", "lotto.core\lotto.core.csproj", "{67F5D33C-EC64-4BB0-AA58-9BEC32ADEA21}"
EndProject
Project("{FAE04EC0-301F-11D3-BF4B-00C04F79EFBC}") = "lotto.console", "lotto.console\lotto.console.csproj", "{A6B836CC-4A8F-471B-BF18-382644A5A4D2}"
EndProject
Project("{FAE04EC0-301F-11D3-BF4B-00C04F79EFBC}") = "lotto.test", "lotto.test\lotto.test.csproj", "{BA788AB4-D859-45ED-9130-1CF21572F164}"
EndProject
Global
	GlobalSection(SolutionConfigurationPlatforms) = preSolution
		Debug|Any CPU = Debug|Any CPU
		Release|Any CPU = Release|Any CPU
	EndGlobalSection
	GlobalSection(ProjectConfigurationPlatforms) = postSolution
		{67F5D33C-EC64-4BB0-AA58-9BEC32ADEA21}.Debug|Any CPU.ActiveCfg = Debug|Any CPU
		{67F5D33C-EC64-4BB0-AA58-9BEC32ADEA21}.Debug|Any CPU.Build.0 = Debug|Any CPU
		{67F5D33C-EC64-4BB0-AA58-9BEC32ADEA21}.Release|Any CPU.ActiveCfg = Release|Any CPU
		{67F5D33C-EC64-4BB0-AA58-9BEC32ADEA21}.Release|Any CPU.Build.0 = Release|Any CPU
		{A6B836CC-4A8F-471B-BF18-382644A5A4D2}.Debug|Any CPU.ActiveCfg = Debug|Any CPU
		{A6B836CC-4A8F-471B-BF18-382644A5A4D2}.Debug|Any CPU.Build.0 = Debug|Any CPU
		{A6B836CC-4A8F-471B-BF18-382644A5A4D2}.Release|Any CPU.ActiveCfg = Release|Any CPU
		{A6B836CC-4A8F-471B-BF18-382644A5A4D2}.Release|Any CPU.Build.0 = Release|Any CPU
		{BA788AB4-D859-45ED-9130-1CF21572F164}.Debug|Any CPU.ActiveCfg = Debug|Any CPU
		{BA788AB4-D859-45ED-9130-1CF21572F164}.Debug|Any CPU.Build.0 = Debug|Any CPU
		{BA788AB4-D859-45ED-9130-1CF21572F164}.Release|Any CPU.ActiveCfg = Release|Any CPU
		{BA788AB4-D859-45ED-9130-1CF21572F164}.Release|Any CPU.Build.0 = Release|Any CPU
	EndGlobalSection
	GlobalSection(SolutionProperties) = preSolution
		HideSolutionNode = FALSE
	EndGlobalSection
	GlobalSection(ExtensibilityGlobals) = postSolution
		SolutionGuid = {22FFD2AA-052E-47B9-AF10-FDD369C49CC2}
	EndGlobalSection
EndGlobal
